
Microsoft Visual Studio Solution File, Format Version 12.00
# Visual Studio Version 17
VisualStudioVersion = 17.4.33213.308
MinimumVisualStudioVersion = 10.0.40219.1
Project("{FAE04EC0-301F-11D3-BF4B-00C04F79EFBC}") = "HW22", "HW22\HW22.csproj", "{7F2CF737-853C-4B2D-B3A0-8C3C9F16C947}"
EndProject
Global
	GlobalSection(SolutionConfigurationPlatforms) = preSolution
		Debug|Any CPU = Debug|Any CPU
		Release|Any CPU = Release|Any CPU
	EndGlobalSection
	GlobalSection(ProjectConfigurationPlatforms) = postSolution
		{7F2CF737-853C-4B2D-B3A0-8C3C9F16C947}.Debug|Any CPU.ActiveCfg = Debug|Any CPU
		{7F2CF737-853C-4B2D-B3A0-8C3C9F16C947}.Debug|Any CPU.Build.0 = Debug|Any CPU
		{7F2CF737-853C-4B2D-B3A0-8C3C9F16C947}.Release|Any CPU.ActiveCfg = Release|Any CPU
		{7F2CF737-853C-4B2D-B3A0-8C3C9F16C947}.Release|Any CPU.Build.0 = Release|Any CPU
	EndGlobalSection
	GlobalSection(SolutionProperties) = preSolution
		HideSolutionNode = FALSE
	EndGlobalSection
	GlobalSection(ExtensibilityGlobals) = postSolution
		SolutionGuid = {E7D91B39-E5D9-4F7E-AA6D-B6B76B5208A6}
	EndGlobalSection
EndGlobal
